{
  "schema_version": "kria.gui_cognition.heldout.lock.v1",
  "set_id": "gui_cognition_true_gui_heldout_v1",
  "set_version": "v1",
  "set_file": "heldout_prompt_set.v1.json",
  "digest_algorithm": "sha256",
  "digest": "82a493de598808ed5ac56daa00f9b2dea2b3ed50d32c6a8cae2004bac8a48c72",
  "family_count": 21,
  "total_prompts": 105,
  "min_prompts_per_family": 5,
  "per_family_counts": {
    "C1_open_app": 5,
    "C2_switch_window": 5,
    "C3_focus_control": 5,
    "C4_type_text": 5,
    "C5_clear_select": 5,
    "C6_clipboard": 5,
    "C7_key_press": 5,
    "C8_scroll": 5,
    "C9_click_button": 5,
    "C10_checkbox": 5,
    "C11_dialog": 5,
    "C12_in_app_search": 5,
    "C13_multistep": 5,
    "C14_cross_app": 5,
    "C15_fm_select": 5,
    "C16_read_visible": 5,
    "C17_approval": 5,
    "C18_ambiguity": 5,
    "C19_boundary": 5,
    "C20_verify_stop": 5,
    "C21_recovery": 5
  },
  "frozen_at": "2026-06-12T15:50:49Z",
  "note": "Committed freeze of the GUI Cognition held-out prompt set. Never edit prompts to make a build pass. Re-freeze only on a deliberate, reviewed version bump."
}
